// !$*UTF8*$!
{
	archiveVersion = 1;
	classes = {
	};
	objectVersion = 50;
	objects = {

/* Begin PBXBuildFile section */
		551051E62193CDD70058F1BF /* ColorView.swift in Sources */ = {isa = PBXBuildFile; fileRef = 551051E52193CDD70058F1BF /* ColorView.swift */; };
		551051E92193D4BA0058F1BF /* UIView+PinToEdges.swift in Sources */ = {isa = PBXBuildFile; fileRef = 551051E82193D4BA0058F1BF /* UIView+PinToEdges.swift */; };
		552558A72198BE0D00952B0F /* PaletteCreatorUITests.swift in Sources */ = {isa = PBXBuildFile; fileRef = 552558A62198BE0D00952B0F /* PaletteCreatorUITests.swift */; };
		5573B564218E56600036FD92 /* AppDelegate.swift in Sources */ = {isa = PBXBuildFile; fileRef = 5573B563218E56600036FD92 /* AppDelegate.swift */; };
		5573B56B218E56600036FD92 /* Main.storyboard in Resources */ = {isa = PBXBuildFile; fileRef = 5573B569218E56600036FD92 /* Main.storyboard */; };
		5573B56D218E56610036FD92 /* Assets.xcassets in Resources */ = {isa = PBXBuildFile; fileRef = 5573B56C218E56610036FD92 /* Assets.xcassets */; };
		5573B570218E56610036FD92 /* LaunchScreen.storyboard in Resources */ = {isa = PBXBuildFile; fileRef = 5573B56E218E56610036FD92 /* LaunchScreen.storyboard */; };
		559AE452218F64A200C18321 /* RGBTriplet.swift in Sources */ = {isa = PBXBuildFile; fileRef = 559AE451218F64A200C18321 /* RGBTriplet.swift */; };
		559AE457218F7A4700C18321 /* ColorSelectButton.swift in Sources */ = {isa = PBXBuildFile; fileRef = 559AE456218F7A4700C18321 /* ColorSelectButton.swift */; };
		559AE45F218F86C900C18321 /* PaletteTableViewController.swift in Sources */ = {isa = PBXBuildFile; fileRef = 559AE45E218F86C900C18321 /* PaletteTableViewController.swift */; };
		559AE461218FBD9F00C18321 /* PaletteEntryViewController.swift in Sources */ = {isa = PBXBuildFile; fileRef = 559AE460218FBD9F00C18321 /* PaletteEntryViewController.swift */; };
		559AE465218FC44500C18321 /* PaletteDetailViewController.swift in Sources */ = {isa = PBXBuildFile; fileRef = 559AE464218FC44500C18321 /* PaletteDetailViewController.swift */; };
		559AE467218FC7D800C18321 /* Palette.swift in Sources */ = {isa = PBXBuildFile; fileRef = 559AE466218FC7D800C18321 /* Palette.swift */; };
		559AE46A218FCDCC00C18321 /* PaletteTableViewCell.swift in Sources */ = {isa = PBXBuildFile; fileRef = 559AE469218FCDCC00C18321 /* PaletteTableViewCell.swift */; };
/* End PBXBuildFile section */

/* Begin PBXContainerItemProxy section */
		552558A92198BE0D00952B0F /* PBXContainerItemProxy */ = {
			isa = PBXContainerItemProxy;
			containerPortal = 5573B558218E56600036FD92 /* Project object */;
			proxyType = 1;
			remoteGlobalIDString = 5573B55F218E56600036FD92;
			remoteInfo = PaletteCreator;
		};
/* End PBXContainerItemProxy section */

/* Begin PBXFileReference section */
		551051E52193CDD70058F1BF /* ColorView.swift */ = {isa = PBXFileReference; lastKnownFileType = sourcecode.swift; path = ColorView.swift; sourceTree = "<group>"; };
		551051E82193D4BA0058F1BF /* UIView+PinToEdges.swift */ = {isa = PBXFileReference; lastKnownFileType = sourcecode.swift; path = "UIView+PinToEdges.swift"; sourceTree = "<group>"; };
		552558A42198BE0D00952B0F /* PaletteCreatorUITests.xctest */ = {isa = PBXFileReference; explicitFileType = wrapper.cfbundle; includeInIndex = 0; path = PaletteCreatorUITests.xctest; sourceTree = BUILT_PRODUCTS_DIR; };
		552558A62198BE0D00952B0F /* PaletteCreatorUITests.swift */ = {isa = PBXFileReference; lastKnownFileType = sourcecode.swift; path = PaletteCreatorUITests.swift; sourceTree = "<group>"; };
		552558A82198BE0D00952B0F /* Info.plist */ = {isa = PBXFileReference; lastKnownFileType = text.plist.xml; path = Info.plist; sourceTree = "<group>"; };
		5573B560218E56600036FD92 /* PaletteCreator.app */ = {isa = PBXFileReference; explicitFileType = wrapper.application; includeInIndex = 0; path = PaletteCreator.app; sourceTree = BUILT_PRODUCTS_DIR; };
		5573B563218E56600036FD92 /* AppDelegate.swift */ = {isa = PBXFileReference; lastKnownFileType = sourcecode.swift; path = AppDelegate.swift; sourceTree = "<group>"; };
		5573B56A218E56600036FD92 /* Base */ = {isa = PBXFileReference; lastKnownFileType = file.storyboard; name = Base; path = Base.lproj/Main.storyboard; sourceTree = "<group>"; };
		5573B56C218E56610036FD92 /* Assets.xcassets */ = {isa = PBXFileReference; lastKnownFileType = folder.assetcatalog; path = Assets.xcassets; sourceTree = "<group>"; };
		5573B56F218E56610036FD92 /* Base */ = {isa = PBXFileReference; lastKnownFileType = file.storyboard; name = Base; path = Base.lproj/LaunchScreen.storyboard; sourceTree = "<group>"; };
		5573B571218E56610036FD92 /* Info.plist */ = {isa = PBXFileReference; lastKnownFileType = text.plist.xml; path = Info.plist; sourceTree = "<group>"; };
		559AE451218F64A200C18321 /* RGBTriplet.swift */ = {isa = PBXFileReference; lastKnownFileType = sourcecode.swift; path = RGBTriplet.swift; sourceTree = "<group>"; };
		559AE456218F7A4700C18321 /* ColorSelectButton.swift */ = {isa = PBXFileReference; lastKnownFileType = sourcecode.swift; path = ColorSelectButton.swift; sourceTree = "<group>"; };
		559AE45E218F86C900C18321 /* PaletteTableViewController.swift */ = {isa = PBXFileReference; lastKnownFileType = sourcecode.swift; path = PaletteTableViewController.swift; sourceTree = "<group>"; };
		559AE460218FBD9F00C18321 /* PaletteEntryViewController.swift */ = {isa = PBXFileReference; fileEncoding = 4; lastKnownFileType = sourcecode.swift; path = PaletteEntryViewController.swift; sourceTree = "<group>"; };
		559AE464218FC44500C18321 /* PaletteDetailViewController.swift */ = {isa = PBXFileReference; lastKnownFileType = sourcecode.swift; path = PaletteDetailViewController.swift; sourceTree = "<group>"; };
		559AE466218FC7D800C18321 /* Palette.swift */ = {isa = PBXFileReference; lastKnownFileType = sourcecode.swift; path = Palette.swift; sourceTree = "<group>"; };
		559AE469218FCDCC00C18321 /* PaletteTableViewCell.swift */ = {isa = PBXFileReference; lastKnownFileType = sourcecode.swift; path = PaletteTableViewCell.swift; sourceTree = "<group>"; };
/* End PBXFileReference section */

/* Begin PBXFrameworksBuildPhase section */
		552558A12198BE0D00952B0F /* Frameworks */ = {
			isa = PBXFrameworksBuildPhase;
			buildActionMask = 2147483647;
			files = (
			);
			runOnlyForDeploymentPostprocessing = 0;
		};
		5573B55D218E56600036FD92 /* Frameworks */ = {
			isa = PBXFrameworksBuildPhase;
			buildActionMask = 2147483647;
			files = (
			);
			runOnlyForDeploymentPostprocessing = 0;
		};
/* End PBXFrameworksBuildPhase section */

/* Begin PBXGroup section */
		551051E72193D4A80058F1BF /* Utils */ = {
			isa = PBXGroup;
			children = (
				551051E82193D4BA0058F1BF /* UIView+PinToEdges.swift */,
			);
			path = Utils;
			sourceTree = "<group>";
		};
		552558A52198BE0D00952B0F /* PaletteCreatorUITests */ = {
			isa = PBXGroup;
			children = (
				552558A62198BE0D00952B0F /* PaletteCreatorUITests.swift */,
				552558A82198BE0D00952B0F /* Info.plist */,
			);
			path = PaletteCreatorUITests;
			sourceTree = "<group>";
		};
		5573B557218E56600036FD92 = {
			isa = PBXGroup;
			children = (
				5573B562218E56600036FD92 /* PaletteCreator */,
				552558A52198BE0D00952B0F /* PaletteCreatorUITests */,
				5573B561218E56600036FD92 /* Products */,
			);
			sourceTree = "<group>";
		};
		5573B561218E56600036FD92 /* Products */ = {
			isa = PBXGroup;
			children = (
				5573B560218E56600036FD92 /* PaletteCreator.app */,
				552558A42198BE0D00952B0F /* PaletteCreatorUITests.xctest */,
			);
			name = Products;
			sourceTree = "<group>";
		};
		5573B562218E56600036FD92 /* PaletteCreator */ = {
			isa = PBXGroup;
			children = (
				559AE46B218FDF0700C18321 /* Model */,
				559AE46C218FDF1600C18321 /* View */,
				559AE46D218FDF2500C18321 /* Controller */,
				551051E72193D4A80058F1BF /* Utils */,
				5573B563218E56600036FD92 /* AppDelegate.swift */,
				5573B56C218E56610036FD92 /* Assets.xcassets */,
				5573B56E218E56610036FD92 /* LaunchScreen.storyboard */,
				5573B571218E56610036FD92 /* Info.plist */,
			);
			path = PaletteCreator;
			sourceTree = "<group>";
		};
		559AE46B218FDF0700C18321 /* Model */ = {
			isa = PBXGroup;
			children = (
				559AE451218F64A200C18321 /* RGBTriplet.swift */,
				559AE466218FC7D800C18321 /* Palette.swift */,
			);
			path = Model;
			sourceTree = "<group>";
		};
		559AE46C218FDF1600C18321 /* View */ = {
			isa = PBXGroup;
			children = (
				559AE469218FCDCC00C18321 /* PaletteTableViewCell.swift */,
				559AE456218F7A4700C18321 /* ColorSelectButton.swift */,
				551051E52193CDD70058F1BF /* ColorView.swift */,
			);
			path = View;
			sourceTree = "<group>";
		};
		559AE46D218FDF2500C18321 /* Controller */ = {
			isa = PBXGroup;
			children = (
				5573B569218E56600036FD92 /* Main.storyboard */,
				559AE45E218F86C900C18321 /* PaletteTableViewController.swift */,
				559AE460218FBD9F00C18321 /* PaletteEntryViewController.swift */,
				559AE464218FC44500C18321 /* PaletteDetailViewController.swift */,
			);
			path = Controller;
			sourceTree = "<group>";
		};
/* End PBXGroup section */

/* Begin PBXNativeTarget section */
		552558A32198BE0D00952B0F /* PaletteCreatorUITests */ = {
			isa = PBXNativeTarget;
			buildConfigurationList = 552558AD2198BE0D00952B0F /* Build configuration list for PBXNativeTarget "PaletteCreatorUITests" */;
			buildPhases = (
				552558A02198BE0D00952B0F /* Sources */,
				552558A12198BE0D00952B0F /* Frameworks */,
				552558A22198BE0D00952B0F /* Resources */,
			);
			buildRules = (
			);
			dependencies = (
				552558AA2198BE0D00952B0F /* PBXTargetDependency */,
			);
			name = PaletteCreatorUITests;
			productName = PaletteCreatorUITests;
			productReference = 552558A42198BE0D00952B0F /* PaletteCreatorUITests.xctest */;
			productType = "com.apple.product-type.bundle.ui-testing";
		};
		5573B55F218E56600036FD92 /* PaletteCreator */ = {
			isa = PBXNativeTarget;
			buildConfigurationList = 5573B58A218E56610036FD92 /* Build configuration list for PBXNativeTarget "PaletteCreator" */;
			buildPhases = (
				5573B55C218E56600036FD92 /* Sources */,
				5573B55D218E56600036FD92 /* Frameworks */,
				5573B55E218E56600036FD92 /* Resources */,
			);
			buildRules = (
			);
			dependencies = (
			);
			name = PaletteCreator;
			productName = PaletteCreator;
			productReference = 5573B560218E56600036FD92 /* PaletteCreator.app */;
			productType = "com.apple.product-type.application";
		};
/* End PBXNativeTarget section */

/* Begin PBXProject section */
		5573B558218E56600036FD92 /* Project object */ = {
			isa = PBXProject;
			attributes = {
				DefaultBuildSystemTypeForWorkspace = Original;
				LastSwiftUpdateCheck = 1010;
				LastUpgradeCheck = 1010;
				ORGANIZATIONNAME = "Dave Shu";
				TargetAttributes = {
					552558A32198BE0D00952B0F = {
						CreatedOnToolsVersion = 10.1;
						TestTargetID = 5573B55F218E56600036FD92;
					};
					5573B55F218E56600036FD92 = {
						CreatedOnToolsVersion = 10.1;
					};
				};
			};
			buildConfigurationList = 5573B55B218E56600036FD92 /* Build configuration list for PBXProject "PaletteCreator" */;
			compatibilityVersion = "Xcode 9.3";
			developmentRegion = en;
			hasScannedForEncodings = 0;
			knownRegions = (
				en,
				Base,
			);
			mainGroup = 5573B557218E56600036FD92;
			productRefGroup = 5573B561218E56600036FD92 /* Products */;
			projectDirPath = "";
			projectRoot = "";
			targets = (
				5573B55F218E56600036FD92 /* PaletteCreator */,
				552558A32198BE0D00952B0F /* PaletteCreatorUITests */,
			);
		};
/* End PBXProject section */

/* Begin PBXResourcesBuildPhase section */
		552558A22198BE0D00952B0F /* Resources */ = {
			isa = PBXResourcesBuildPhase;
			buildActionMask = 2147483647;
			files = (
			);
			runOnlyForDeploymentPostprocessing = 0;
		};
		5573B55E218E56600036FD92 /* Resources */ = {
			isa = PBXResourcesBuildPhase;
			buildActionMask = 2147483647;
			files = (
				5573B570218E56610036FD92 /* LaunchScreen.storyboard in Resources */,
				5573B56D218E56610036FD92 /* Assets.xcassets in Resources */,
				5573B56B218E56600036FD92 /* Main.storyboard in Resources */,
			);
			runOnlyForDeploymentPostprocessing = 0;
		};
/* End PBXResourcesBuildPhase section */

/* Begin PBXSourcesBuildPhase section */
		552558A02198BE0D00952B0F /* Sources */ = {
			isa = PBXSourcesBuildPhase;
			buildActionMask = 2147483647;
			files = (
				552558A72198BE0D00952B0F /* PaletteCreatorUITests.swift in Sources */,
			);
			runOnlyForDeploymentPostprocessing = 0;
		};
		5573B55C218E56600036FD92 /* Sources */ = {
			isa = PBXSourcesBuildPhase;
			buildActionMask = 2147483647;
			files = (
				5573B564218E56600036FD92 /* AppDelegate.swift in Sources */,
				559AE457218F7A4700C18321 /* ColorSelectButton.swift in Sources */,
				559AE465218FC44500C18321 /* PaletteDetailViewController.swift in Sources */,
				551051E92193D4BA0058F1BF /* UIView+PinToEdges.swift in Sources */,
				551051E62193CDD70058F1BF /* ColorView.swift in Sources */,
				559AE45F218F86C900C18321 /* PaletteTableViewController.swift in Sources */,
				559AE46A218FCDCC00C18321 /* PaletteTableViewCell.swift in Sources */,
				559AE461218FBD9F00C18321 /* PaletteEntryViewController.swift in Sources */,
				559AE467218FC7D800C18321 /* Palette.swift in Sources */,
				559AE452218F64A200C18321 /* RGBTriplet.swift in Sources */,
			);
			runOnlyForDeploymentPostprocessing = 0;
		};
/* End PBXSourcesBuildPhase section */

/* Begin PBXTargetDependency section */
		552558AA2198BE0D00952B0F /* PBXTargetDependency */ = {
			isa = PBXTargetDependency;
			target = 5573B55F218E56600036FD92 /* PaletteCreator */;
			targetProxy = 552558A92198BE0D00952B0F /* PBXContainerItemProxy */;
		};
/* End PBXTargetDependency section */

/* Begin PBXVariantGroup section */
		5573B569218E56600036FD92 /* Main.storyboard */ = {
			isa = PBXVariantGroup;
			children = (
				5573B56A218E56600036FD92 /* Base */,
			);
			name = Main.storyboard;
			sourceTree = "<group>";
		};
		5573B56E218E56610036FD92 /* LaunchScreen.storyboard */ = {
			isa = PBXVariantGroup;
			children = (
				5573B56F218E56610036FD92 /* Base */,
			);
			name = LaunchScreen.storyboard;
			sourceTree = "<group>";
		};
/* End PBXVariantGroup section */

/* Begin XCBuildConfiguration section */
		552558AB2198BE0D00952B0F /* Debug */ = {
			isa = XCBuildConfiguration;
			buildSettings = {
				CODE_SIGN_STYLE = Automatic;
				DEVELOPMENT_TEAM = AM6DT66FWK;
				INFOPLIST_FILE = PaletteCreatorUITests/Info.plist;
				LD_RUNPATH_SEARCH_PATHS = (
					"$(inherited)",
					"@executable_path/Frameworks",
					"@loader_path/Frameworks",
				);
				PRODUCT_BUNDLE_IDENTIFIER = com.echo.PaletteCreatorUITests;
				PRODUCT_NAME = "$(TARGET_NAME)";
				SWIFT_VERSION = 4.2;
				TARGETED_DEVICE_FAMILY = "1,2";
				TEST_TARGET_NAME = PaletteCreator;
			};
			name = Debug;
		};
		552558AC2198BE0D00952B0F /* Release */ = {
			isa = XCBuildConfiguration;
			buildSettings = {
				CODE_SIGN_STYLE = Automatic;
				DEVELOPMENT_TEAM = AM6DT66FWK;
				INFOPLIST_FILE = PaletteCreatorUITests/Info.plist;
				LD_RUNPATH_SEARCH_PATHS = (
					"$(inherited)",
					"@executable_path/Frameworks",
					"@loader_path/Frameworks",
				);
				PRODUCT_BUNDLE_IDENTIFIER = com.echo.PaletteCreatorUITests;
				PRODUCT_NAME = "$(TARGET_NAME)";
				SWIFT_VERSION = 4.2;
				TARGETED_DEVICE_FAMILY = "1,2";
				TEST_TARGET_NAME = PaletteCreator;
			};
			name = Release;
		};
		5573B588218E56610036FD92 /* Debug */ = {
			isa = XCBuildConfiguration;
			buildSettings = {
				ALWAYS_SEARCH_USER_PATHS = NO;
				CLANG_ANALYZER_NONNULL = YES;
				CLANG_ANALYZER_NUMBER_OBJECT_CONVERSION = YES_AGGRESSIVE;
				CLANG_CXX_LANGUAGE_STANDARD = "gnu++14";
				CLANG_CXX_LIBRARY = "libc++";
				CLANG_ENABLE_MODULES = YES;
				CLANG_ENABLE_OBJC_ARC = YES;
				CLANG_ENABLE_OBJC_WEAK = YES;
				CLANG_WARN_BLOCK_CAPTURE_AUTORELEASING = YES;
				CLANG_WARN_BOOL_CONVERSION = YES;
				CLANG_WARN_COMMA = YES;
				CLANG_WARN_CONSTANT_CONVERSION = YES;
				CLANG_WARN_DEPRECATED_OBJC_IMPLEMENTATIONS = YES;
				CLANG_WARN_DIRECT_OBJC_ISA_USAGE = YES_ERROR;
				CLANG_WARN_DOCUMENTATION_COMMENTS = YES;
				CLANG_WARN_EMPTY_BODY = YES;
				CLANG_WARN_ENUM_CONVERSION = YES;
				CLANG_WARN_INFINITE_RECURSION = YES;
				CLANG_WARN_INT_CONVERSION = YES;
				CLANG_WARN_NON_LITERAL_NULL_CONVERSION = YES;
				CLANG_WARN_OBJC_IMPLICIT_RETAIN_SELF = YES;
				CLANG_WARN_OBJC_LITERAL_CONVERSION = YES;
				CLANG_WARN_OBJC_ROOT_CLASS = YES_ERROR;
				CLANG_WARN_RANGE_LOOP_ANALYSIS = YES;
				CLANG_WARN_STRICT_PROTOTYPES = YES;
				CLANG_WARN_SUSPICIOUS_MOVE = YES;
				CLANG_WARN_UNGUARDED_AVAILABILITY = YES_AGGRESSIVE;
				CLANG_WARN_UNREACHABLE_CODE = YES;
				CLANG_WARN__DUPLICATE_METHOD_MATCH = YES;
				CODE_SIGN_IDENTITY = "iPhone Developer";
				COPY_PHASE_STRIP = NO;
				DEBUG_INFORMATION_FORMAT = dwarf;
				ENABLE_STRICT_OBJC_MSGSEND = YES;
				ENABLE_TESTABILITY = YES;
				GCC_C_LANGUAGE_STANDARD = gnu11;
				GCC_DYNAMIC_NO_PIC = NO;
				GCC_NO_COMMON_BLOCKS = YES;
				GCC_OPTIMIZATION_LEVEL = 0;
				GCC_PREPROCESSOR_DEFINITIONS = (
					"DEBUG=1",
					"$(inherited)",
				);
				GCC_WARN_64_TO_32_BIT_CONVERSION = YES;
				GCC_WARN_ABOUT_RETURN_TYPE = YES_ERROR;
				GCC_WARN_UNDECLARED_SELECTOR = YES;
				GCC_WARN_UNINITIALIZED_AUTOS = YES_AGGRESSIVE;
				GCC_WARN_UNUSED_FUNCTION = YES;
				GCC_WARN_UNUSED_VARIABLE = YES;
				IPHONEOS_DEPLOYMENT_TARGET = 12.1;
				MTL_ENABLE_DEBUG_INFO = INCLUDE_SOURCE;
				MTL_FAST_MATH = YES;
				ONLY_ACTIVE_ARCH = YES;
				SDKROOT = iphoneos;
				SWIFT_ACTIVE_COMPILATION_CONDITIONS = DEBUG;
				SWIFT_OPTIMIZATION_LEVEL = "-Onone";
			};
			name = Debug;
		};
		5573B589218E56610036FD92 /* Release */ = {
			isa = XCBuildConfiguration;
			buildSettings = {
				ALWAYS_SEARCH_USER_PATHS = NO;
				CLANG_ANALYZER_NONNULL = YES;
				CLANG_ANALYZER_NUMBER_OBJECT_CONVERSION = YES_AGGRESSIVE;
				CLANG_CXX_LANGUAGE_STANDARD = "gnu++14";
				CLANG_CXX_LIBRARY = "libc++";
				CLANG_ENABLE_MODULES = YES;
				CLANG_ENABLE_OBJC_ARC = YES;
				CLANG_ENABLE_OBJC_WEAK = YES;
				CLANG_WARN_BLOCK_CAPTURE_AUTORELEASING = YES;
				CLANG_WARN_BOOL_CONVERSION = YES;
				CLANG_WARN_COMMA = YES;
				CLANG_WARN_CONSTANT_CONVERSION = YES;
				CLANG_WARN_DEPRECATED_OBJC_IMPLEMENTATIONS = YES;
				CLANG_WARN_DIRECT_OBJC_ISA_USAGE = YES_ERROR;
				CLANG_WARN_DOCUMENTATION_COMMENTS = YES;
				CLANG_WARN_EMPTY_BODY = YES;
				CLANG_WARN_ENUM_CONVERSION = YES;
				CLANG_WARN_INFINITE_RECURSION = YES;
				CLANG_WARN_INT_CONVERSION = YES;
				CLANG_WARN_NON_LITERAL_NULL_CONVERSION = YES;
				CLANG_WARN_OBJC_IMPLICIT_RETAIN_SELF = YES;
				CLANG_WARN_OBJC_LITERAL_CONVERSION = YES;
				CLANG_WARN_OBJC_ROOT_CLASS = YES_ERROR;
				CLANG_WARN_RANGE_LOOP_ANALYSIS = YES;
				CLANG_WARN_STRICT_PROTOTYPES = YES;
				CLANG_WARN_SUSPICIOUS_MOVE = YES;
				CLANG_WARN_UNGUARDED_AVAILABILITY = YES_AGGRESSIVE;
				CLANG_WARN_UNREACHABLE_CODE = YES;
				CLANG_WARN__DUPLICATE_METHOD_MATCH = YES;
				CODE_SIGN_IDENTITY = "iPhone Developer";
				COPY_PHASE_STRIP = NO;
				DEBUG_INFORMATION_FORMAT = "dwarf-with-dsym";
				ENABLE_NS_ASSERTIONS = NO;
				ENABLE_STRICT_OBJC_MSGSEND = YES;
				GCC_C_LANGUAGE_STANDARD = gnu11;
				GCC_NO_COMMON_BLOCKS = YES;
				GCC_WARN_64_TO_32_BIT_CONVERSION = YES;
				GCC_WARN_ABOUT_RETURN_TYPE = YES_ERROR;
				GCC_WARN_UNDECLARED_SELECTOR = YES;
				GCC_WARN_UNINITIALIZED_AUTOS = YES_AGGRESSIVE;
				GCC_WARN_UNUSED_FUNCTION = YES;
				GCC_WARN_UNUSED_VARIABLE = YES;
				IPHONEOS_DEPLOYMENT_TARGET = 12.1;
				MTL_ENABLE_DEBUG_INFO = NO;
				MTL_FAST_MATH = YES;
				SDKROOT = iphoneos;
				SWIFT_COMPILATION_MODE = wholemodule;
				SWIFT_OPTIMIZATION_LEVEL = "-O";
				VALIDATE_PRODUCT = YES;
			};
			name = Release;
		};
		5573B58B218E56610036FD92 /* Debug */ = {
			isa = XCBuildConfiguration;
			buildSettings = {
				ASSETCATALOG_COMPILER_APPICON_NAME = AppIcon;
				CODE_SIGN_STYLE = Automatic;
				DEVELOPMENT_TEAM = AM6DT66FWK;
				INFOPLIST_FILE = PaletteCreator/Info.plist;
				IPHONEOS_DEPLOYMENT_TARGET = 12.0;
				LD_RUNPATH_SEARCH_PATHS = (
					"$(inherited)",
					"@executable_path/Frameworks",
				);
				PRODUCT_BUNDLE_IDENTIFIER = com.echo.PaletteCreator;
				PRODUCT_NAME = "$(TARGET_NAME)";
				SWIFT_VERSION = 4.2;
				TARGETED_DEVICE_FAMILY = "1,2";
			};
			name = Debug;
		};
		5573B58C218E56610036FD92 /* Release */ = {
			isa = XCBuildConfiguration;
			buildSettings = {
				ASSETCATALOG_COMPILER_APPICON_NAME = AppIcon;
				CODE_SIGN_STYLE = Automatic;
				DEVELOPMENT_TEAM = AM6DT66FWK;
				INFOPLIST_FILE = PaletteCreator/Info.plist;
				IPHONEOS_DEPLOYMENT_TARGET = 12.0;
				LD_RUNPATH_SEARCH_PATHS = (
					"$(inherited)",
					"@executable_path/Frameworks",
				);
				PRODUCT_BUNDLE_IDENTIFIER = com.echo.PaletteCreator;
				PRODUCT_NAME = "$(TARGET_NAME)";
				SWIFT_VERSION = 4.2;
				TARGETED_DEVICE_FAMILY = "1,2";
			};
			name = Release;
		};
/* End XCBuildConfiguration section */

/* Begin XCConfigurationList section */
		552558AD2198BE0D00952B0F /* Build configuration list for PBXNativeTarget "PaletteCreatorUITests" */ = {
			isa = XCConfigurationList;
			buildConfigurations = (
				552558AB2198BE0D00952B0F /* Debug */,
				552558AC2198BE0D00952B0F /* Release */,
			);
			defaultConfigurationIsVisible = 0;
			defaultConfigurationName = Release;
		};
		5573B55B218E56600036FD92 /* Build configuration list for PBXProject "PaletteCreator" */ = {
			isa = XCConfigurationList;
			buildConfigurations = (
				5573B588218E56610036FD92 /* Debug */,
				5573B589218E56610036FD92 /* Release */,
			);
			defaultConfigurationIsVisible = 0;
			defaultConfigurationName = Release;
		};
		5573B58A218E56610036FD92 /* Build configuration list for PBXNativeTarget "PaletteCreator" */ = {
			isa = XCConfigurationList;
			buildConfigurations = (
				5573B58B218E56610036FD92 /* Debug */,
				5573B58C218E56610036FD92 /* Release */,
			);
			defaultConfigurationIsVisible = 0;
			defaultConfigurationName = Release;
		};
/* End XCConfigurationList section */
	};
	rootObject = 5573B558218E56600036FD92 /* Project object */;
}
